{
  "lockfile_version": "1",
  "packages": {
    "github:NixOS/nixpkgs/nixpkgs-unstable": {
      "resolved": "github:NixOS/nixpkgs/b9d43b3fe5152d1dc5783a2ba865b2a03388b741?lastModified=1743538100&narHash=sha256-Bl%2FynRPIb4CdtbEw3gfJYpKiHmRmrKltXc8zipqpO0o%3D"
    },
    "nodejs_20@latest": {
      "last_modified": "2024-12-03T12:40:06Z",
      "plugin_version": "0.0.2",
      "resolved": "github:NixOS/nixpkgs/566e53c2ad750c84f6d31f9ccb9d00f823165550#nodejs_20",
      "source": "devbox-search",
      "version": "20.18.1",
      "systems": {
        "aarch64-darwin": {
          "outputs": [
            {
              "name": "out",
              "path": "/nix/store/f0lm95g31vpknr8jj9xw53cx2rqly2nm-nodejs-20.18.1",
              "default": true
            },
            {
              "name": "libv8",
              "path": "/nix/store/l17919sgiw0i3awxlpic9z9a3g2d0rgv-nodejs-20.18.1-libv8"
            }
          ],
          "store_path": "/nix/store/f0lm95g31vpknr8jj9xw53cx2rqly2nm-nodejs-20.18.1"
        },
        "aarch64-linux": {
          "outputs": [
            {
              "name": "out",
              "path": "/nix/store/vqv3dblqx76k185jg4ym5i3dz196lv19-nodejs-20.18.1",
              "default": true
            },
            {
              "name": "libv8",
              "path": "/nix/store/1pp9h9ma5ps2w3n7abkd3ipgjnmixwpm-nodejs-20.18.1-libv8"
            }
          ],
          "store_path": "/nix/store/vqv3dblqx76k185jg4ym5i3dz196lv19-nodejs-20.18.1"
        },
        "x86_64-darwin": {
          "outputs": [
            {
              "name": "out",
              "path": "/nix/store/gbrd92gjhi88lhj43bsa2y9zvcn4vsb8-nodejs-20.18.1",
              "default": true
            },
            {
              "name": "libv8",
              "path": "/nix/store/85x3jn8wf6n6ihr3ar70fhgc4p87znsq-nodejs-20.18.1-libv8"
            }
          ],
          "store_path": "/nix/store/gbrd92gjhi88lhj43bsa2y9zvcn4vsb8-nodejs-20.18.1"
        },
        "x86_64-linux": {
          "outputs": [
            {
              "name": "out",
              "path": "/nix/store/wfxq6w9bkp5dcfr8yb6789b0w7128gnb-nodejs-20.18.1",
              "default": true
            },
            {
              "name": "libv8",
              "path": "/nix/store/6cpw80r57lyippnjl5knrvymcwalv1m2-nodejs-20.18.1-libv8"
            }
          ],
          "store_path": "/nix/store/wfxq6w9bkp5dcfr8yb6789b0w7128gnb-nodejs-20.18.1"
        }
      }
    },
    "pnpm@latest": {
      "last_modified": "2024-11-30T03:39:21Z",
      "resolved": "github:NixOS/nixpkgs/4703b8d2c708e13a8cab03d865f90973536dcdf5#pnpm",
      "source": "devbox-search",
      "version": "9.14.4",
      "systems": {
        "aarch64-darwin": {
          "outputs": [
            {
              "name": "out",
              "path": "/nix/store/jqsff1r9r8kppxvky6f9gwifjs2s47wp-pnpm-9.14.4",
              "default": true
            }
          ],
          "store_path": "/nix/store/jqsff1r9r8kppxvky6f9gwifjs2s47wp-pnpm-9.14.4"
        },
        "aarch64-linux": {
          "outputs": [
            {
              "name": "out",
              "path": "/nix/store/b9khdwwr1aysfx389lyc533gicw2r9hj-pnpm-9.14.4",
              "default": true
            }
          ],
          "store_path": "/nix/store/b9khdwwr1aysfx389lyc533gicw2r9hj-pnpm-9.14.4"
        },
        "x86_64-darwin": {
          "outputs": [
            {
              "name": "out",
              "path": "/nix/store/ah4b92l3vixs4rja1r1m2vw23wwhn1p2-pnpm-9.14.4",
              "default": true
            }
          ],
          "store_path": "/nix/store/ah4b92l3vixs4rja1r1m2vw23wwhn1p2-pnpm-9.14.4"
        },
        "x86_64-linux": {
          "outputs": [
            {
              "name": "out",
              "path": "/nix/store/2ysnla1y67g3d7f3bhscr45p3njkj8ar-pnpm-9.14.4",
              "default": true
            }
          ],
          "store_path": "/nix/store/2ysnla1y67g3d7f3bhscr45p3njkj8ar-pnpm-9.14.4"
        }
      }
    }
  }
}
